hash: 7bcef345eb490570170da02c56205ff28115138f8c20ec99c3d63eb5415990e2
updated: 2018-10-12T12:44:33.795543815+02:00
imports:
- name: github.com/awslabs/goformation
  version: 5e86785c819d1f6d1f2c36b8a8a3fe4c46320399
  subpackages:
  - cloudformation
  - intrinsics
- name: github.com/Azure/go-ansiterm
  version: d6e3b3328b783f23731bc4d058875b0371ff8109
  subpackages:
  - winterm
- name: github.com/docker/distribution
  version: 1cb4180b1a5b9c029b2f2beaeb38f0b5cf64e12e
  subpackages:
  - digestset
  - reference
- name: github.com/docker/docker
  version: 07ccc6d8c81d96e07f60184dbe03e75c552eba47
  subpackages:
  - api
  - api/types
  - api/types/blkiodev
  - api/types/container
  - api/types/events
  - api/types/filters
  - api/types/image
  - api/types/mount
  - api/types/network
  - api/types/registry
  - api/types/strslice
  - api/types/swarm
  - api/types/swarm/runtime
  - api/types/time
  - api/types/versions
  - api/types/volume
  - client
  - errdefs
  - pkg/jsonmessage
  - pkg/stdcopy
  - pkg/term
  - pkg/term/windows
- name: github.com/docker/go-connections
  version: 97c2040d34dfae1d1b1275fa3a78dbdd2f41cf7e
  subpackages:
  - nat
  - sockets
  - tlsconfig
- name: github.com/docker/go-units
  version: 47565b4f722fb6ceae66b95f853feed578a4a51c
- name: github.com/fatih/color
  version: 3f9d52f7176a6927daacff70a3e8d1dc2025c53e
- name: github.com/gogo/protobuf
  version: fd322a3c49630fe6d05737e2b7d9426e6680e28d
  subpackages:
  - proto
- name: github.com/imdario/mergo
  version: 9f23e2d6bd2a77f959b2bf6acdbefd708a83a4a4
- name: github.com/konsorten/go-windows-terminal-sequences
  version: b729f2633dfe35f4d1d8a32385f6685610ce1cb5
- name: github.com/mattn/go-colorable
  version: efa589957cd060542a26d2dd7832fd6a6c6c3ade
- name: github.com/mattn/go-isatty
  version: 3fb116b820352b7f0c281308a4d6250c22d94e27
- name: github.com/Microsoft/go-winio
  version: 97e4973ce50b2ff5f09635a57e2b88a037aae829
- name: github.com/mitchellh/mapstructure
  version: 3536a929edddb9a5b34bd6861dc4a9647cb459fe
- name: github.com/Nvveen/Gotty
  version: cd527374f1e5bff4938207604a14f2e38a9cf512
- name: github.com/opencontainers/go-digest
  version: c9281466c8b2f606084ac71339773efd177436e7
- name: github.com/opencontainers/image-spec
  version: b6e51fa50549ee0bd5188494912a7f4c382cb0d4
  subpackages:
  - specs-go
  - specs-go/v1
- name: github.com/pkg/errors
  version: c059e472caf75dbe73903f6521a20abac245b17f
- name: github.com/sanathkr/go-yaml
  version: ed9d249f429b3f5a69f80a7abef6bfce81fef894
- name: github.com/sanathkr/yaml
  version: 0056894fa522748ca336761ffeeeb6bbae654d07
- name: github.com/sirupsen/logrus
  version: a67f783a3814b8729bd2dac5780b5f78f8dbd64d
- name: github.com/urfave/cli
  version: 934abfb2f102315b5794e15ebc7949e4ca253920
- name: golang.org/x/crypto
  version: 5295e8364332db77d75fce11f1d19c053919a9c9
  subpackages:
  - ssh/terminal
- name: golang.org/x/net
  version: 49bb7cea24b1df9410e1712aa6433dae904ff66a
  subpackages:
  - context
  - context/ctxhttp
  - internal/socks
  - proxy
- name: golang.org/x/sys
  version: e4b3c5e9061176387e7cea65e4dc5853801f3fb7
  subpackages:
  - unix
  - windows
testImports: []
