# This file is autogenerated, do not edit; changes may be undone by the next 'dep ensure'.


[[projects]]
  name = "github.com/go-yaml/yaml"
  packages = ["."]
  revision = "86f5ed62f8a0ee96bd888d2efdfd6d4fb100a4eb"
  version = "v2.2.0"

[solve-meta]
  analyzer-name = "dep"
  analyzer-version = 1
  inputs-digest = "db35aca5bd06fa160331ee14e30a5e6411d0c15a32d344116a27ae544523b11d"
  solver-name = "gps-cdcl"
  solver-version = 1
